// !$*UTF8*$!
{
	archiveVersion = 1;
	classes = {
	};
	objectVersion = 46;
	objects = {

/* Begin PBXBuildFile section */
		CB0EFA1A1E963A1900A11F8A /* ProfileViewController.swift in Sources */ = {isa = PBXBuildFile; fileRef = CB0EFA181E963A1900A11F8A /* ProfileViewController.swift */; };
		CB0EFA1B1E963A1900A11F8A /* ProfileViewController.xib in Resources */ = {isa = PBXBuildFile; fileRef = CB0EFA191E963A1900A11F8A /* ProfileViewController.xib */; };
		CB0EFA1D1E963A2800A11F8A /* CardStackViewController.swift in Sources */ = {isa = PBXBuildFile; fileRef = CB0EFA1C1E963A2800A11F8A /* CardStackViewController.swift */; };
		CB0EFA221E96827200A11F8A /* Localizable.strings in Resources */ = {isa = PBXBuildFile; fileRef = CB0EFA241E96827200A11F8A /* Localizable.strings */; };
		CB0EFA271E96A09A00A11F8A /* CoreDataStack.swift in Sources */ = {isa = PBXBuildFile; fileRef = CB0EFA261E96A09A00A11F8A /* CoreDataStack.swift */; };
		CB0EFA2A1E96A0B400A11F8A /* Centigrade.xcdatamodeld in Sources */ = {isa = PBXBuildFile; fileRef = CB0EFA281E96A0B400A11F8A /* Centigrade.xcdatamodeld */; };
		CB0EFA2C1E96A1AE00A11F8A /* CoreDataFactory.swift in Sources */ = {isa = PBXBuildFile; fileRef = CB0EFA2B1E96A1AE00A11F8A /* CoreDataFactory.swift */; };
		CB3DC57C1E97F259003E9DA5 /* Alamofire.framework in CopyFiles */ = {isa = PBXBuildFile; fileRef = CBCAAE3B1E8EBD30008522B0 /* Alamofire.framework */; settings = {ATTRIBUTES = (CodeSignOnCopy, RemoveHeadersOnCopy, ); }; };
		CB3DC57F1E97F312003E9DA5 /* Alamofire.framework in Embed Frameworks */ = {isa = PBXBuildFile; fileRef = CBCAAE3B1E8EBD30008522B0 /* Alamofire.framework */; settings = {ATTRIBUTES = (CodeSignOnCopy, RemoveHeadersOnCopy, ); }; };
		CB3EC8071E92525D004E2C11 /* Reachability.swift in Sources */ = {isa = PBXBuildFile; fileRef = CB3EC8061E92525D004E2C11 /* Reachability.swift */; };
		CB3EC8111E92A987004E2C11 /* Assets.xcassets in Resources */ = {isa = PBXBuildFile; fileRef = CB3EC8101E92A987004E2C11 /* Assets.xcassets */; };
		CB3EC8131E92AA0C004E2C11 /* WeatherSummary.swift in Sources */ = {isa = PBXBuildFile; fileRef = CB3EC8121E92AA0C004E2C11 /* WeatherSummary.swift */; };
		CB549FF51E97A94800A526A0 /* Assets.xcassets in Resources */ = {isa = PBXBuildFile; fileRef = CB3EC8101E92A987004E2C11 /* Assets.xcassets */; };
		CB549FF81E97BD5400A526A0 /* WeekForecastViewController.swift in Sources */ = {isa = PBXBuildFile; fileRef = CB549FF71E97BD5400A526A0 /* WeekForecastViewController.swift */; };
		CB549FFC1E97BD8000A526A0 /* WeekHistoryViewCell.swift in Sources */ = {isa = PBXBuildFile; fileRef = CB549FFA1E97BD8000A526A0 /* WeekHistoryViewCell.swift */; };
		CB549FFD1E97BD8000A526A0 /* WeekHistoryViewCell.xib in Resources */ = {isa = PBXBuildFile; fileRef = CB549FFB1E97BD8000A526A0 /* WeekHistoryViewCell.xib */; };
		CB549FFF1E97C10E00A526A0 /* TemperatureInterval.swift in Sources */ = {isa = PBXBuildFile; fileRef = CB549FFE1E97C10E00A526A0 /* TemperatureInterval.swift */; };
		CB54A0021E97C60300A526A0 /* TemperatureDisplayLabel.swift in Sources */ = {isa = PBXBuildFile; fileRef = CB54A0001E97C55800A526A0 /* TemperatureDisplayLabel.swift */; };
		CB6501531E9018FB00F710ED /* CentigrateLocationManager.swift in Sources */ = {isa = PBXBuildFile; fileRef = CB8104771E8FC52500CF5232 /* CentigrateLocationManager.swift */; };
		CB6501571E9021A800F710ED /* InfoPlist.strings in Resources */ = {isa = PBXBuildFile; fileRef = CB6501591E9021A800F710ED /* InfoPlist.strings */; };
		CBA8AA691E90F1BF0097B93D /* WeatherDisplayViewController.swift in Sources */ = {isa = PBXBuildFile; fileRef = CBA8AA681E90F1BF0097B93D /* WeatherDisplayViewController.swift */; };
		CBB093911E97A2F100C4CEE8 /* UserSettings.swift in Sources */ = {isa = PBXBuildFile; fileRef = CB8104811E8FFE9A00CF5232 /* UserSettings.swift */; };
		CBCAADFE1E8EB487008522B0 /* AppDelegate.swift in Sources */ = {isa = PBXBuildFile; fileRef = CBCAADFD1E8EB487008522B0 /* AppDelegate.swift */; };
		CBCAAE031E8EB487008522B0 /* Main.storyboard in Resources */ = {isa = PBXBuildFile; fileRef = CBCAAE011E8EB487008522B0 /* Main.storyboard */; };
		CBCAAE081E8EB487008522B0 /* Assets.xcassets in Resources */ = {isa = PBXBuildFile; fileRef = CBCAAE071E8EB487008522B0 /* Assets.xcassets */; };
		CBCAAE0B1E8EB487008522B0 /* LaunchScreen.storyboard in Resources */ = {isa = PBXBuildFile; fileRef = CBCAAE091E8EB487008522B0 /* LaunchScreen.storyboard */; };
		CBCAAE211E8EB7AD008522B0 /* CentigradeKit.h in Headers */ = {isa = PBXBuildFile; fileRef = CBCAAE1F1E8EB7AD008522B0 /* CentigradeKit.h */; settings = {ATTRIBUTES = (Public, ); }; };
		CBCAAE241E8EB7AD008522B0 /* CentigradeKit.framework in Frameworks */ = {isa = PBXBuildFile; fileRef = CBCAAE1D1E8EB7AD008522B0 /* CentigradeKit.framework */; };
		CBCAAE251E8EB7AD008522B0 /* CentigradeKit.framework in Embed Frameworks */ = {isa = PBXBuildFile; fileRef = CBCAAE1D1E8EB7AD008522B0 /* CentigradeKit.framework */; settings = {ATTRIBUTES = (CodeSignOnCopy, RemoveHeadersOnCopy, ); }; };
		CBCAAE2D1E8EB7EF008522B0 /* APIClient.swift in Sources */ = {isa = PBXBuildFile; fileRef = CBCAAE2C1E8EB7EF008522B0 /* APIClient.swift */; };
		CBCAAE481E8EBD4E008522B0 /* Alamofire.framework in Frameworks */ = {isa = PBXBuildFile; fileRef = CBCAAE3B1E8EBD30008522B0 /* Alamofire.framework */; };
		CBCAAE4D1E8EC5F3008522B0 /* WeatherDataPoint.swift in Sources */ = {isa = PBXBuildFile; fileRef = CBCAAE4C1E8EC5F3008522B0 /* WeatherDataPoint.swift */; };
/* End PBXBuildFile section */

/* Begin PBXContainerItemProxy section */
		CBCAAE221E8EB7AD008522B0 /* PBXContainerItemProxy */ = {
			isa = PBXContainerItemProxy;
			containerPortal = CBCAADF21E8EB487008522B0 /* Project object */;
			proxyType = 1;
			remoteGlobalIDString = CBCAAE1C1E8EB7AD008522B0;
			remoteInfo = CentigradeKit;
		};
		CBCAAE3A1E8EBD30008522B0 /* PBXContainerItemProxy */ = {
			isa = PBXContainerItemProxy;
			containerPortal = CBCAAE2F1E8EBD30008522B0 /* Alamofire.xcodeproj */;
			proxyType = 2;
			remoteGlobalIDString = F8111E3319A95C8B0040E7D1;
			remoteInfo = "Alamofire iOS";
		};
		CBCAAE3C1E8EBD30008522B0 /* PBXContainerItemProxy */ = {
			isa = PBXContainerItemProxy;
			containerPortal = CBCAAE2F1E8EBD30008522B0 /* Alamofire.xcodeproj */;
			proxyType = 2;
			remoteGlobalIDString = F8111E3E19A95C8B0040E7D1;
			remoteInfo = "Alamofire iOS Tests";
		};
		CBCAAE3E1E8EBD30008522B0 /* PBXContainerItemProxy */ = {
			isa = PBXContainerItemProxy;
			containerPortal = CBCAAE2F1E8EBD30008522B0 /* Alamofire.xcodeproj */;
			proxyType = 2;
			remoteGlobalIDString = 4DD67C0B1A5C55C900ED2280;
			remoteInfo = "Alamofire macOS";
		};
		CBCAAE401E8EBD30008522B0 /* PBXContainerItemProxy */ = {
			isa = PBXContainerItemProxy;
			containerPortal = CBCAAE2F1E8EBD30008522B0 /* Alamofire.xcodeproj */;
			proxyType = 2;
			remoteGlobalIDString = F829C6B21A7A94F100A2CD59;
			remoteInfo = "Alamofire macOS Tests";
		};
		CBCAAE421E8EBD30008522B0 /* PBXContainerItemProxy */ = {
			isa = PBXContainerItemProxy;
			containerPortal = CBCAAE2F1E8EBD30008522B0 /* Alamofire.xcodeproj */;
			proxyType = 2;
			remoteGlobalIDString = 4CF626EF1BA7CB3E0011A099;
			remoteInfo = "Alamofire tvOS";
		};
		CBCAAE441E8EBD30008522B0 /* PBXContainerItemProxy */ = {
			isa = PBXContainerItemProxy;
			containerPortal = CBCAAE2F1E8EBD30008522B0 /* Alamofire.xcodeproj */;
			proxyType = 2;
			remoteGlobalIDString = 4CF626F81BA7CB3E0011A099;
			remoteInfo = "Alamofire tvOS Tests";
		};
		CBCAAE461E8EBD30008522B0 /* PBXContainerItemProxy */ = {
			isa = PBXContainerItemProxy;
			containerPortal = CBCAAE2F1E8EBD30008522B0 /* Alamofire.xcodeproj */;
			proxyType = 2;
			remoteGlobalIDString = E4202FE01B667AA100C997FB;
			remoteInfo = "Alamofire watchOS";
		};
/* End PBXContainerItemProxy section */

/* Begin PBXCopyFilesBuildPhase section */
		CB3DC57B1E97F254003E9DA5 /* CopyFiles */ = {
			isa = PBXCopyFilesBuildPhase;
			buildActionMask = 2147483647;
			dstPath = "";
			dstSubfolderSpec = 10;
			files = (
				CB3DC57C1E97F259003E9DA5 /* Alamofire.framework in CopyFiles */,
			);
			runOnlyForDeploymentPostprocessing = 0;
		};
		CBCAAE291E8EB7AD008522B0 /* Embed Frameworks */ = {
			isa = PBXCopyFilesBuildPhase;
			buildActionMask = 2147483647;
			dstPath = "";
			dstSubfolderSpec = 10;
			files = (
				CB3DC57F1E97F312003E9DA5 /* Alamofire.framework in Embed Frameworks */,
				CBCAAE251E8EB7AD008522B0 /* CentigradeKit.framework in Embed Frameworks */,
			);
			name = "Embed Frameworks";
			runOnlyForDeploymentPostprocessing = 0;
		};
/* End PBXCopyFilesBuildPhase section */

/* Begin PBXFileReference section */
		CB0EFA181E963A1900A11F8A /* ProfileViewController.swift */ = {isa = PBXFileReference; fileEncoding = 4; lastKnownFileType = sourcecode.swift; path = ProfileViewController.swift; sourceTree = "<group>"; };
		CB0EFA191E963A1900A11F8A /* ProfileViewController.xib */ = {isa = PBXFileReference; fileEncoding = 4; lastKnownFileType = file.xib; path = ProfileViewController.xib; sourceTree = "<group>"; };
		CB0EFA1C1E963A2800A11F8A /* CardStackViewController.swift */ = {isa = PBXFileReference; fileEncoding = 4; lastKnownFileType = sourcecode.swift; path = CardStackViewController.swift; sourceTree = "<group>"; };
		CB0EFA231E96827200A11F8A /* en */ = {isa = PBXFileReference; lastKnownFileType = text.plist.strings; name = en; path = en.lproj/Localizable.strings; sourceTree = "<group>"; };
		CB0EFA251E96827800A11F8A /* ru */ = {isa = PBXFileReference; lastKnownFileType = text.plist.strings; name = ru; path = ru.lproj/Localizable.strings; sourceTree = "<group>"; };
		CB0EFA261E96A09A00A11F8A /* CoreDataStack.swift */ = {isa = PBXFileReference; fileEncoding = 4; lastKnownFileType = sourcecode.swift; path = CoreDataStack.swift; sourceTree = "<group>"; };
		CB0EFA291E96A0B400A11F8A /* Centigrade.xcdatamodel */ = {isa = PBXFileReference; lastKnownFileType = wrapper.xcdatamodel; path = Centigrade.xcdatamodel; sourceTree = "<group>"; };
		CB0EFA2B1E96A1AE00A11F8A /* CoreDataFactory.swift */ = {isa = PBXFileReference; fileEncoding = 4; lastKnownFileType = sourcecode.swift; path = CoreDataFactory.swift; sourceTree = "<group>"; };
		CB3EC8061E92525D004E2C11 /* Reachability.swift */ = {isa = PBXFileReference; fileEncoding = 4; lastKnownFileType = sourcecode.swift; path = Reachability.swift; sourceTree = "<group>"; };
		CB3EC8101E92A987004E2C11 /* Assets.xcassets */ = {isa = PBXFileReference; lastKnownFileType = folder.assetcatalog; path = Assets.xcassets; sourceTree = "<group>"; };
		CB3EC8121E92AA0C004E2C11 /* WeatherSummary.swift */ = {isa = PBXFileReference; fileEncoding = 4; lastKnownFileType = sourcecode.swift; path = WeatherSummary.swift; sourceTree = "<group>"; };
		CB549FF71E97BD5400A526A0 /* WeekForecastViewController.swift */ = {isa = PBXFileReference; fileEncoding = 4; lastKnownFileType = sourcecode.swift; path = WeekForecastViewController.swift; sourceTree = "<group>"; };
		CB549FFA1E97BD8000A526A0 /* WeekHistoryViewCell.swift */ = {isa = PBXFileReference; fileEncoding = 4; lastKnownFileType = sourcecode.swift; path = WeekHistoryViewCell.swift; sourceTree = "<group>"; };
		CB549FFB1E97BD8000A526A0 /* WeekHistoryViewCell.xib */ = {isa = PBXFileReference; fileEncoding = 4; lastKnownFileType = file.xib; path = WeekHistoryViewCell.xib; sourceTree = "<group>"; };
		CB549FFE1E97C10E00A526A0 /* TemperatureInterval.swift */ = {isa = PBXFileReference; fileEncoding = 4; lastKnownFileType = sourcecode.swift; path = TemperatureInterval.swift; sourceTree = "<group>"; };
		CB54A0001E97C55800A526A0 /* TemperatureDisplayLabel.swift */ = {isa = PBXFileReference; fileEncoding = 4; lastKnownFileType = sourcecode.swift; path = TemperatureDisplayLabel.swift; sourceTree = "<group>"; };
		CB6501561E90219B00F710ED /* ru */ = {isa = PBXFileReference; lastKnownFileType = text.plist.strings; name = ru; path = ru.lproj/LaunchScreen.strings; sourceTree = "<group>"; };
		CB65015A1E9021AE00F710ED /* ru */ = {isa = PBXFileReference; lastKnownFileType = text.plist.strings; name = ru; path = ru.lproj/InfoPlist.strings; sourceTree = "<group>"; };
		CB65015C1E9021B800F710ED /* en */ = {isa = PBXFileReference; lastKnownFileType = text.plist.strings; name = en; path = en.lproj/InfoPlist.strings; sourceTree = "<group>"; };
		CB8104771E8FC52500CF5232 /* CentigrateLocationManager.swift */ = {isa = PBXFileReference; fileEncoding = 4; lastKnownFileType = sourcecode.swift; path = CentigrateLocationManager.swift; sourceTree = "<group>"; };
		CB8104811E8FFE9A00CF5232 /* UserSettings.swift */ = {isa = PBXFileReference; fileEncoding = 4; lastKnownFileType = sourcecode.swift; path = UserSettings.swift; sourceTree = "<group>"; };
		CBA8AA681E90F1BF0097B93D /* WeatherDisplayViewController.swift */ = {isa = PBXFileReference; fileEncoding = 4; lastKnownFileType = sourcecode.swift; path = WeatherDisplayViewController.swift; sourceTree = "<group>"; };
		CBCAADFA1E8EB487008522B0 /* Centigrade.app */ = {isa = PBXFileReference; explicitFileType = wrapper.application; includeInIndex = 0; path = Centigrade.app; sourceTree = BUILT_PRODUCTS_DIR; };
		CBCAADFD1E8EB487008522B0 /* AppDelegate.swift */ = {isa = PBXFileReference; lastKnownFileType = sourcecode.swift; path = AppDelegate.swift; sourceTree = "<group>"; };
		CBCAAE021E8EB487008522B0 /* Base */ = {isa = PBXFileReference; lastKnownFileType = file.storyboard; name = Base; path = Base.lproj/Main.storyboard; sourceTree = "<group>"; };
		CBCAAE071E8EB487008522B0 /* Assets.xcassets */ = {isa = PBXFileReference; lastKnownFileType = folder.assetcatalog; path = Assets.xcassets; sourceTree = "<group>"; };
		CBCAAE0A1E8EB487008522B0 /* Base */ = {isa = PBXFileReference; lastKnownFileType = file.storyboard; name = Base; path = Base.lproj/LaunchScreen.storyboard; sourceTree = "<group>"; };
		CBCAAE0C1E8EB487008522B0 /* Info.plist */ = {isa = PBXFileReference; lastKnownFileType = text.plist.xml; path = Info.plist; sourceTree = "<group>"; };
		CBCAAE1D1E8EB7AD008522B0 /* CentigradeKit.framework */ = {isa = PBXFileReference; explicitFileType = wrapper.framework; includeInIndex = 0; path = CentigradeKit.framework; sourceTree = BUILT_PRODUCTS_DIR; };
		CBCAAE1F1E8EB7AD008522B0 /* CentigradeKit.h */ = {isa = PBXFileReference; lastKnownFileType = sourcecode.c.h; path = CentigradeKit.h; sourceTree = "<group>"; };
		CBCAAE201E8EB7AD008522B0 /* Info.plist */ = {isa = PBXFileReference; lastKnownFileType = text.plist.xml; path = Info.plist; sourceTree = "<group>"; };
		CBCAAE2C1E8EB7EF008522B0 /* APIClient.swift */ = {isa = PBXFileReference; fileEncoding = 4; lastKnownFileType = sourcecode.swift; path = APIClient.swift; sourceTree = "<group>"; };
		CBCAAE2F1E8EBD30008522B0 /* Alamofire.xcodeproj */ = {isa = PBXFileReference; lastKnownFileType = "wrapper.pb-project"; name = Alamofire.xcodeproj; path = Alamofire/Alamofire.xcodeproj; sourceTree = "<group>"; };
		CBCAAE4C1E8EC5F3008522B0 /* WeatherDataPoint.swift */ = {isa = PBXFileReference; fileEncoding = 4; lastKnownFileType = sourcecode.swift; path = WeatherDataPoint.swift; sourceTree = "<group>"; };
/* End PBXFileReference section */

/* Begin PBXFrameworksBuildPhase section */
		CBCAADF71E8EB487008522B0 /* Frameworks */ = {
			isa = PBXFrameworksBuildPhase;
			buildActionMask = 2147483647;
			files = (
				CBCAAE241E8EB7AD008522B0 /* CentigradeKit.framework in Frameworks */,
			);
			runOnlyForDeploymentPostprocessing = 0;
		};
		CBCAAE191E8EB7AD008522B0 /* Frameworks */ = {
			isa = PBXFrameworksBuildPhase;
			buildActionMask = 2147483647;
			files = (
				CBCAAE481E8EBD4E008522B0 /* Alamofire.framework in Frameworks */,
			);
			runOnlyForDeploymentPostprocessing = 0;
		};
/* End PBXFrameworksBuildPhase section */

/* Begin PBXGroup section */
		CB0EFA0F1E9639F200A11F8A /* ProfileView */ = {
			isa = PBXGroup;
			children = (
				CB0EFA1E1E96498200A11F8A /* Cells */,
				CB0EFA1C1E963A2800A11F8A /* CardStackViewController.swift */,
				CB0EFA181E963A1900A11F8A /* ProfileViewController.swift */,
				CB0EFA191E963A1900A11F8A /* ProfileViewController.xib */,
			);
			path = ProfileView;
			sourceTree = "<group>";
		};
		CB0EFA1E1E96498200A11F8A /* Cells */ = {
			isa = PBXGroup;
			children = (
			);
			path = Cells;
			sourceTree = "<group>";
		};
		CB549FF61E97BD3F00A526A0 /* WeekHistoryView */ = {
			isa = PBXGroup;
			children = (
				CB549FF91E97BD6300A526A0 /* Cells */,
				CB549FF71E97BD5400A526A0 /* WeekForecastViewController.swift */,
			);
			path = WeekHistoryView;
			sourceTree = "<group>";
		};
		CB549FF91E97BD6300A526A0 /* Cells */ = {
			isa = PBXGroup;
			children = (
				CB549FFA1E97BD8000A526A0 /* WeekHistoryViewCell.swift */,
				CB549FFB1E97BD8000A526A0 /* WeekHistoryViewCell.xib */,
			);
			path = Cells;
			sourceTree = "<group>";
		};
		CB6501521E9018CC00F710ED /* Factory */ = {
			isa = PBXGroup;
			children = (
				CB8104771E8FC52500CF5232 /* CentigrateLocationManager.swift */,
				CB3EC8061E92525D004E2C11 /* Reachability.swift */,
				CB3EC8121E92AA0C004E2C11 /* WeatherSummary.swift */,
			);
			path = Factory;
			sourceTree = "<group>";
		};
		CBA8AA671E90F1BF0097B93D /* WeatherDisplayView */ = {
			isa = PBXGroup;
			children = (
				CBA8AA681E90F1BF0097B93D /* WeatherDisplayViewController.swift */,
			);
			path = WeatherDisplayView;
			sourceTree = "<group>";
		};
		CBCAADF11E8EB487008522B0 = {
			isa = PBXGroup;
			children = (
				CBCAAE2F1E8EBD30008522B0 /* Alamofire.xcodeproj */,
				CBCAAE121E8EB4C4008522B0 /* Classes */,
				CBCAADFC1E8EB487008522B0 /* Centigrade */,
				CBCAAE1E1E8EB7AD008522B0 /* CentigradeKit */,
				CBCAADFB1E8EB487008522B0 /* Products */,
			);
			sourceTree = "<group>";
		};
		CBCAADFB1E8EB487008522B0 /* Products */ = {
			isa = PBXGroup;
			children = (
				CBCAADFA1E8EB487008522B0 /* Centigrade.app */,
				CBCAAE1D1E8EB7AD008522B0 /* CentigradeKit.framework */,
			);
			name = Products;
			sourceTree = "<group>";
		};
		CBCAADFC1E8EB487008522B0 /* Centigrade */ = {
			isa = PBXGroup;
			children = (
				CB0EFA281E96A0B400A11F8A /* Centigrade.xcdatamodeld */,
				CBCAADFD1E8EB487008522B0 /* AppDelegate.swift */,
				CBCAAE011E8EB487008522B0 /* Main.storyboard */,
				CBCAAE071E8EB487008522B0 /* Assets.xcassets */,
				CBCAAE091E8EB487008522B0 /* LaunchScreen.storyboard */,
				CBCAAE0C1E8EB487008522B0 /* Info.plist */,
				CB6501591E9021A800F710ED /* InfoPlist.strings */,
				CB0EFA241E96827200A11F8A /* Localizable.strings */,
			);
			path = Centigrade;
			sourceTree = "<group>";
		};
		CBCAAE121E8EB4C4008522B0 /* Classes */ = {
			isa = PBXGroup;
			children = (
				CBCAAE131E8EB4C4008522B0 /* Factory */,
				CBCAAE141E8EB4C4008522B0 /* Views */,
			);
			name = Classes;
			path = Sources;
			sourceTree = "<group>";
		};
		CBCAAE131E8EB4C4008522B0 /* Factory */ = {
			isa = PBXGroup;
			children = (
				CB8104811E8FFE9A00CF5232 /* UserSettings.swift */,
				CB0EFA261E96A09A00A11F8A /* CoreDataStack.swift */,
				CB0EFA2B1E96A1AE00A11F8A /* CoreDataFactory.swift */,
			);
			path = Factory;
			sourceTree = "<group>";
		};
		CBCAAE141E8EB4C4008522B0 /* Views */ = {
			isa = PBXGroup;
			children = (
				CB549FF61E97BD3F00A526A0 /* WeekHistoryView */,
				CB0EFA0F1E9639F200A11F8A /* ProfileView */,
				CBA8AA671E90F1BF0097B93D /* WeatherDisplayView */,
				CB54A0001E97C55800A526A0 /* TemperatureDisplayLabel.swift */,
			);
			path = Views;
			sourceTree = "<group>";
		};
		CBCAAE1E1E8EB7AD008522B0 /* CentigradeKit */ = {
			isa = PBXGroup;
			children = (
				CBCAAE2A1E8EB7D4008522B0 /* Sources */,
				CBCAAE1F1E8EB7AD008522B0 /* CentigradeKit.h */,
				CBCAAE201E8EB7AD008522B0 /* Info.plist */,
				CB3EC8101E92A987004E2C11 /* Assets.xcassets */,
			);
			path = CentigradeKit;
			sourceTree = "<group>";
		};
		CBCAAE2A1E8EB7D4008522B0 /* Sources */ = {
			isa = PBXGroup;
			children = (
				CB6501521E9018CC00F710ED /* Factory */,
				CBCAAE4B1E8EC562008522B0 /* Models */,
				CBCAAE2B1E8EB7D4008522B0 /* Networking */,
			);
			path = Sources;
			sourceTree = "<group>";
		};
		CBCAAE2B1E8EB7D4008522B0 /* Networking */ = {
			isa = PBXGroup;
			children = (
				CBCAAE2C1E8EB7EF008522B0 /* APIClient.swift */,
			);
			path = Networking;
			sourceTree = "<group>";
		};
		CBCAAE301E8EBD30008522B0 /* Products */ = {
			isa = PBXGroup;
			children = (
				CBCAAE3B1E8EBD30008522B0 /* Alamofire.framework */,
				CBCAAE3D1E8EBD30008522B0 /* Alamofire iOS Tests.xctest */,
				CBCAAE3F1E8EBD30008522B0 /* Alamofire.framework */,
				CBCAAE411E8EBD30008522B0 /* Alamofire macOS Tests.xctest */,
				CBCAAE431E8EBD30008522B0 /* Alamofire.framework */,
				CBCAAE451E8EBD30008522B0 /* Alamofire tvOS Tests.xctest */,
				CBCAAE471E8EBD30008522B0 /* Alamofire.framework */,
			);
			name = Products;
			sourceTree = "<group>";
		};
		CBCAAE4B1E8EC562008522B0 /* Models */ = {
			isa = PBXGroup;
			children = (
				CBCAAE4C1E8EC5F3008522B0 /* WeatherDataPoint.swift */,
				CB549FFE1E97C10E00A526A0 /* TemperatureInterval.swift */,
			);
			name = Models;
			path = CentigradeKit/Sources/Models;
			sourceTree = SOURCE_ROOT;
		};
/* End PBXGroup section */

/* Begin PBXHeadersBuildPhase section */
		CBCAAE1A1E8EB7AD008522B0 /* Headers */ = {
			isa = PBXHeadersBuildPhase;
			buildActionMask = 2147483647;
			files = (
				CBCAAE211E8EB7AD008522B0 /* CentigradeKit.h in Headers */,
			);
			runOnlyForDeploymentPostprocessing = 0;
		};
/* End PBXHeadersBuildPhase section */

/* Begin PBXNativeTarget section */
		CBCAADF91E8EB487008522B0 /* Centigrade */ = {
			isa = PBXNativeTarget;
			buildConfigurationList = CBCAAE0F1E8EB487008522B0 /* Build configuration list for PBXNativeTarget "Centigrade" */;
			buildPhases = (
				CBCAADF61E8EB487008522B0 /* Sources */,
				CBCAADF71E8EB487008522B0 /* Frameworks */,
				CBCAADF81E8EB487008522B0 /* Resources */,
				CBCAAE291E8EB7AD008522B0 /* Embed Frameworks */,
			);
			buildRules = (
			);
			dependencies = (
				CBCAAE231E8EB7AD008522B0 /* PBXTargetDependency */,
			);
			name = Centigrade;
			productName = Centigrade;
			productReference = CBCAADFA1E8EB487008522B0 /* Centigrade.app */;
			productType = "com.apple.product-type.application";
		};
		CBCAAE1C1E8EB7AD008522B0 /* CentigradeKit */ = {
			isa = PBXNativeTarget;
			buildConfigurationList = CBCAAE261E8EB7AD008522B0 /* Build configuration list for PBXNativeTarget "CentigradeKit" */;
			buildPhases = (
				CBCAAE181E8EB7AD008522B0 /* Sources */,
				CBCAAE191E8EB7AD008522B0 /* Frameworks */,
				CBCAAE1A1E8EB7AD008522B0 /* Headers */,
				CBCAAE1B1E8EB7AD008522B0 /* Resources */,
				CB3DC57B1E97F254003E9DA5 /* CopyFiles */,
			);
			buildRules = (
			);
			dependencies = (
			);
			name = CentigradeKit;
			productName = CentigradeKit;
			productReference = CBCAAE1D1E8EB7AD008522B0 /* CentigradeKit.framework */;
			productType = "com.apple.product-type.framework";
		};
/* End PBXNativeTarget section */

/* Begin PBXProject section */
		CBCAADF21E8EB487008522B0 /* Project object */ = {
			isa = PBXProject;
			attributes = {
				LastSwiftUpdateCheck = 0830;
				LastUpgradeCheck = 0830;
				ORGANIZATIONNAME = "Juri Noga";
				TargetAttributes = {
					CBCAADF91E8EB487008522B0 = {
						CreatedOnToolsVersion = 8.3;
						DevelopmentTeam = 949BCVF3AR;
						ProvisioningStyle = Automatic;
					};
					CBCAAE1C1E8EB7AD008522B0 = {
						CreatedOnToolsVersion = 8.3;
						DevelopmentTeam = 949BCVF3AR;
						LastSwiftMigration = 0830;
						ProvisioningStyle = Automatic;
					};
				};
			};
			buildConfigurationList = CBCAADF51E8EB487008522B0 /* Build configuration list for PBXProject "Centigrade" */;
			compatibilityVersion = "Xcode 3.2";
			developmentRegion = English;
			hasScannedForEncodings = 0;
			knownRegions = (
				en,
				Base,
				ru,
			);
			mainGroup = CBCAADF11E8EB487008522B0;
			productRefGroup = CBCAADFB1E8EB487008522B0 /* Products */;
			projectDirPath = "";
			projectReferences = (
				{
					ProductGroup = CBCAAE301E8EBD30008522B0 /* Products */;
					ProjectRef = CBCAAE2F1E8EBD30008522B0 /* Alamofire.xcodeproj */;
				},
			);
			projectRoot = "";
			targets = (
				CBCAADF91E8EB487008522B0 /* Centigrade */,
				CBCAAE1C1E8EB7AD008522B0 /* CentigradeKit */,
			);
		};
/* End PBXProject section */

/* Begin PBXReferenceProxy section */
		CBCAAE3B1E8EBD30008522B0 /* Alamofire.framework */ = {
			isa = PBXReferenceProxy;
			fileType = wrapper.framework;
			path = Alamofire.framework;
			remoteRef = CBCAAE3A1E8EBD30008522B0 /* PBXContainerItemProxy */;
			sourceTree = BUILT_PRODUCTS_DIR;
		};
		CBCAAE3D1E8EBD30008522B0 /* Alamofire iOS Tests.xctest */ = {
			isa = PBXReferenceProxy;
			fileType = wrapper.cfbundle;
			path = "Alamofire iOS Tests.xctest";
			remoteRef = CBCAAE3C1E8EBD30008522B0 /* PBXContainerItemProxy */;
			sourceTree = BUILT_PRODUCTS_DIR;
		};
		CBCAAE3F1E8EBD30008522B0 /* Alamofire.framework */ = {
			isa = PBXReferenceProxy;
			fileType = wrapper.framework;
			path = Alamofire.framework;
			remoteRef = CBCAAE3E1E8EBD30008522B0 /* PBXContainerItemProxy */;
			sourceTree = BUILT_PRODUCTS_DIR;
		};
		CBCAAE411E8EBD30008522B0 /* Alamofire macOS Tests.xctest */ = {
			isa = PBXReferenceProxy;
			fileType = wrapper.cfbundle;
			path = "Alamofire macOS Tests.xctest";
			remoteRef = CBCAAE401E8EBD30008522B0 /* PBXContainerItemProxy */;
			sourceTree = BUILT_PRODUCTS_DIR;
		};
		CBCAAE431E8EBD30008522B0 /* Alamofire.framework */ = {
			isa = PBXReferenceProxy;
			fileType = wrapper.framework;
			path = Alamofire.framework;
			remoteRef = CBCAAE421E8EBD30008522B0 /* PBXContainerItemProxy */;
			sourceTree = BUILT_PRODUCTS_DIR;
		};
		CBCAAE451E8EBD30008522B0 /* Alamofire tvOS Tests.xctest */ = {
			isa = PBXReferenceProxy;
			fileType = wrapper.cfbundle;
			path = "Alamofire tvOS Tests.xctest";
			remoteRef = CBCAAE441E8EBD30008522B0 /* PBXContainerItemProxy */;
			sourceTree = BUILT_PRODUCTS_DIR;
		};
		CBCAAE471E8EBD30008522B0 /* Alamofire.framework */ = {
			isa = PBXReferenceProxy;
			fileType = wrapper.framework;
			path = Alamofire.framework;
			remoteRef = CBCAAE461E8EBD30008522B0 /* PBXContainerItemProxy */;
			sourceTree = BUILT_PRODUCTS_DIR;
		};
/* End PBXReferenceProxy section */

/* Begin PBXResourcesBuildPhase section */
		CBCAADF81E8EB487008522B0 /* Resources */ = {
			isa = PBXResourcesBuildPhase;
			buildActionMask = 2147483647;
			files = (
				CB0EFA221E96827200A11F8A /* Localizable.strings in Resources */,
				CB549FFD1E97BD8000A526A0 /* WeekHistoryViewCell.xib in Resources */,
				CB0EFA1B1E963A1900A11F8A /* ProfileViewController.xib in Resources */,
				CBCAAE0B1E8EB487008522B0 /* LaunchScreen.storyboard in Resources */,
				CB6501571E9021A800F710ED /* InfoPlist.strings in Resources */,
				CB549FF51E97A94800A526A0 /* Assets.xcassets in Resources */,
				CBCAAE081E8EB487008522B0 /* Assets.xcassets in Resources */,
				CBCAAE031E8EB487008522B0 /* Main.storyboard in Resources */,
			);
			runOnlyForDeploymentPostprocessing = 0;
		};
		CBCAAE1B1E8EB7AD008522B0 /* Resources */ = {
			isa = PBXResourcesBuildPhase;
			buildActionMask = 2147483647;
			files = (
				CB3EC8111E92A987004E2C11 /* Assets.xcassets in Resources */,
			);
			runOnlyForDeploymentPostprocessing = 0;
		};
/* End PBXResourcesBuildPhase section */

/* Begin PBXSourcesBuildPhase section */
		CBCAADF61E8EB487008522B0 /* Sources */ = {
			isa = PBXSourcesBuildPhase;
			buildActionMask = 2147483647;
			files = (
				CB0EFA2C1E96A1AE00A11F8A /* CoreDataFactory.swift in Sources */,
				CB0EFA271E96A09A00A11F8A /* CoreDataStack.swift in Sources */,
				CB0EFA2A1E96A0B400A11F8A /* Centigrade.xcdatamodeld in Sources */,
				CB54A0021E97C60300A526A0 /* TemperatureDisplayLabel.swift in Sources */,
				CB0EFA1D1E963A2800A11F8A /* CardStackViewController.swift in Sources */,
				CB549FF81E97BD5400A526A0 /* WeekForecastViewController.swift in Sources */,
				CBCAADFE1E8EB487008522B0 /* AppDelegate.swift in Sources */,
				CBB093911E97A2F100C4CEE8 /* UserSettings.swift in Sources */,
				CBA8AA691E90F1BF0097B93D /* WeatherDisplayViewController.swift in Sources */,
				CB0EFA1A1E963A1900A11F8A /* ProfileViewController.swift in Sources */,
				CB549FFC1E97BD8000A526A0 /* WeekHistoryViewCell.swift in Sources */,
			);
			runOnlyForDeploymentPostprocessing = 0;
		};
		CBCAAE181E8EB7AD008522B0 /* Sources */ = {
			isa = PBXSourcesBuildPhase;
			buildActionMask = 2147483647;
			files = (
				CBCAAE2D1E8EB7EF008522B0 /* APIClient.swift in Sources */,
				CB549FFF1E97C10E00A526A0 /* TemperatureInterval.swift in Sources */,
				CB3EC8131E92AA0C004E2C11 /* WeatherSummary.swift in Sources */,
				CB3EC8071E92525D004E2C11 /* Reachability.swift in Sources */,
				CB6501531E9018FB00F710ED /* CentigrateLocationManager.swift in Sources */,
				CBCAAE4D1E8EC5F3008522B0 /* WeatherDataPoint.swift in Sources */,
			);
			runOnlyForDeploymentPostprocessing = 0;
		};
/* End PBXSourcesBuildPhase section */

/* Begin PBXTargetDependency section */
		CBCAAE231E8EB7AD008522B0 /* PBXTargetDependency */ = {
			isa = PBXTargetDependency;
			target = CBCAAE1C1E8EB7AD008522B0 /* CentigradeKit */;
			targetProxy = CBCAAE221E8EB7AD008522B0 /* PBXContainerItemProxy */;
		};
/* End PBXTargetDependency section */

/* Begin PBXVariantGroup section */
		CB0EFA241E96827200A11F8A /* Localizable.strings */ = {
			isa = PBXVariantGroup;
			children = (
				CB0EFA231E96827200A11F8A /* en */,
				CB0EFA251E96827800A11F8A /* ru */,
			);
			name = Localizable.strings;
			sourceTree = "<group>";
		};
		CB6501591E9021A800F710ED /* InfoPlist.strings */ = {
			isa = PBXVariantGroup;
			children = (
				CB65015A1E9021AE00F710ED /* ru */,
				CB65015C1E9021B800F710ED /* en */,
			);
			name = InfoPlist.strings;
			sourceTree = "<group>";
		};
		CBCAAE011E8EB487008522B0 /* Main.storyboard */ = {
			isa = PBXVariantGroup;
			children = (
				CBCAAE021E8EB487008522B0 /* Base */,
			);
			name = Main.storyboard;
			sourceTree = "<group>";
		};
		CBCAAE091E8EB487008522B0 /* LaunchScreen.storyboard */ = {
			isa = PBXVariantGroup;
			children = (
				CBCAAE0A1E8EB487008522B0 /* Base */,
				CB6501561E90219B00F710ED /* ru */,
			);
			name = LaunchScreen.storyboard;
			sourceTree = "<group>";
		};
/* End PBXVariantGroup section */

/* Begin XCBuildConfiguration section */
		CBCAAE0D1E8EB487008522B0 /* Debug */ = {
			isa = XCBuildConfiguration;
			buildSettings = {
				ALWAYS_SEARCH_USER_PATHS = NO;
				CLANG_ANALYZER_LOCALIZABILITY_NONLOCALIZED = YES;
				CLANG_ANALYZER_NONNULL = YES;
				CLANG_ANALYZER_NUMBER_OBJECT_CONVERSION = YES_AGGRESSIVE;
				CLANG_CXX_LANGUAGE_STANDARD = "gnu++0x";
				CLANG_CXX_LIBRARY = "libc++";
				CLANG_ENABLE_MODULES = YES;
				CLANG_ENABLE_OBJC_ARC = YES;
				CLANG_WARN_BOOL_CONVERSION = YES;
				CLANG_WARN_CONSTANT_CONVERSION = YES;
				CLANG_WARN_DIRECT_OBJC_ISA_USAGE = YES_ERROR;
				CLANG_WARN_DOCUMENTATION_COMMENTS = YES;
				CLANG_WARN_EMPTY_BODY = YES;
				CLANG_WARN_ENUM_CONVERSION = YES;
				CLANG_WARN_INFINITE_RECURSION = YES;
				CLANG_WARN_INT_CONVERSION = YES;
				CLANG_WARN_OBJC_ROOT_CLASS = YES_ERROR;
				CLANG_WARN_SUSPICIOUS_MOVE = YES;
				CLANG_WARN_UNREACHABLE_CODE = YES;
				CLANG_WARN__DUPLICATE_METHOD_MATCH = YES;
				"CODE_SIGN_IDENTITY[sdk=iphoneos*]" = "iPhone Developer";
				COPY_PHASE_STRIP = NO;
				DEBUG_INFORMATION_FORMAT = dwarf;
				ENABLE_STRICT_OBJC_MSGSEND = YES;
				ENABLE_TESTABILITY = YES;
				GCC_C_LANGUAGE_STANDARD = gnu99;
				GCC_DYNAMIC_NO_PIC = NO;
				GCC_NO_COMMON_BLOCKS = YES;
				GCC_OPTIMIZATION_LEVEL = 0;
				GCC_PREPROCESSOR_DEFINITIONS = (
					"DEBUG=1",
					"$(inherited)",
				);
				GCC_WARN_64_TO_32_BIT_CONVERSION = YES;
				GCC_WARN_ABOUT_RETURN_TYPE = YES_ERROR;
				GCC_WARN_UNDECLARED_SELECTOR = YES;
				GCC_WARN_UNINITIALIZED_AUTOS = YES_AGGRESSIVE;
				GCC_WARN_UNUSED_FUNCTION = YES;
				GCC_WARN_UNUSED_VARIABLE = YES;
				IPHONEOS_DEPLOYMENT_TARGET = 9.0;
				MTL_ENABLE_DEBUG_INFO = YES;
				ONLY_ACTIVE_ARCH = YES;
				SDKROOT = iphoneos;
				SWIFT_ACTIVE_COMPILATION_CONDITIONS = DEBUG;
				SWIFT_OPTIMIZATION_LEVEL = "-Onone";
			};
			name = Debug;
		};
		CBCAAE0E1E8EB487008522B0 /* Release */ = {
			isa = XCBuildConfiguration;
			buildSettings = {
				ALWAYS_SEARCH_USER_PATHS = NO;
				CLANG_ANALYZER_LOCALIZABILITY_NONLOCALIZED = YES;
				CLANG_ANALYZER_NONNULL = YES;
				CLANG_ANALYZER_NUMBER_OBJECT_CONVERSION = YES_AGGRESSIVE;
				CLANG_CXX_LANGUAGE_STANDARD = "gnu++0x";
				CLANG_CXX_LIBRARY = "libc++";
				CLANG_ENABLE_MODULES = YES;
				CLANG_ENABLE_OBJC_ARC = YES;
				CLANG_WARN_BOOL_CONVERSION = YES;
				CLANG_WARN_CONSTANT_CONVERSION = YES;
				CLANG_WARN_DIRECT_OBJC_ISA_USAGE = YES_ERROR;
				CLANG_WARN_DOCUMENTATION_COMMENTS = YES;
				CLANG_WARN_EMPTY_BODY = YES;
				CLANG_WARN_ENUM_CONVERSION = YES;
				CLANG_WARN_INFINITE_RECURSION = YES;
				CLANG_WARN_INT_CONVERSION = YES;
				CLANG_WARN_OBJC_ROOT_CLASS = YES_ERROR;
				CLANG_WARN_SUSPICIOUS_MOVE = YES;
				CLANG_WARN_UNREACHABLE_CODE = YES;
				CLANG_WARN__DUPLICATE_METHOD_MATCH = YES;
				"CODE_SIGN_IDENTITY[sdk=iphoneos*]" = "iPhone Developer";
				COPY_PHASE_STRIP = NO;
				DEBUG_INFORMATION_FORMAT = "dwarf-with-dsym";
				ENABLE_NS_ASSERTIONS = NO;
				ENABLE_STRICT_OBJC_MSGSEND = YES;
				GCC_C_LANGUAGE_STANDARD = gnu99;
				GCC_NO_COMMON_BLOCKS = YES;
				GCC_WARN_64_TO_32_BIT_CONVERSION = YES;
				GCC_WARN_ABOUT_RETURN_TYPE = YES_ERROR;
				GCC_WARN_UNDECLARED_SELECTOR = YES;
				GCC_WARN_UNINITIALIZED_AUTOS = YES_AGGRESSIVE;
				GCC_WARN_UNUSED_FUNCTION = YES;
				GCC_WARN_UNUSED_VARIABLE = YES;
				IPHONEOS_DEPLOYMENT_TARGET = 9.0;
				MTL_ENABLE_DEBUG_INFO = NO;
				SDKROOT = iphoneos;
				SWIFT_OPTIMIZATION_LEVEL = "-Owholemodule";
				VALIDATE_PRODUCT = YES;
			};
			name = Release;
		};
		CBCAAE101E8EB487008522B0 /* Debug */ = {
			isa = XCBuildConfiguration;
			buildSettings = {
				ALWAYS_EMBED_SWIFT_STANDARD_LIBRARIES = YES;
				ASSETCATALOG_COMPILER_APPICON_NAME = AppIcon;
				DEVELOPMENT_TEAM = 949BCVF3AR;
				INFOPLIST_FILE = Centigrade/Info.plist;
				IPHONEOS_DEPLOYMENT_TARGET = 10.0;
				LD_RUNPATH_SEARCH_PATHS = "$(inherited) @executable_path/Frameworks";
				PRODUCT_BUNDLE_IDENTIFIER = ee.appdromeda.Centigrade;
				PRODUCT_NAME = "$(TARGET_NAME)";
				SWIFT_VERSION = 3.0;
				TARGETED_DEVICE_FAMILY = "1,2";
			};
			name = Debug;
		};
		CBCAAE111E8EB487008522B0 /* Release */ = {
			isa = XCBuildConfiguration;
			buildSettings = {
				ALWAYS_EMBED_SWIFT_STANDARD_LIBRARIES = YES;
				ASSETCATALOG_COMPILER_APPICON_NAME = AppIcon;
				DEVELOPMENT_TEAM = 949BCVF3AR;
				INFOPLIST_FILE = Centigrade/Info.plist;
				IPHONEOS_DEPLOYMENT_TARGET = 10.0;
				LD_RUNPATH_SEARCH_PATHS = "$(inherited) @executable_path/Frameworks";
				PRODUCT_BUNDLE_IDENTIFIER = ee.appdromeda.Centigrade;
				PRODUCT_NAME = "$(TARGET_NAME)";
				SWIFT_VERSION = 3.0;
				TARGETED_DEVICE_FAMILY = "1,2";
			};
			name = Release;
		};
		CBCAAE271E8EB7AD008522B0 /* Debug */ = {
			isa = XCBuildConfiguration;
			buildSettings = {
				APPLICATION_EXTENSION_API_ONLY = YES;
				CLANG_ENABLE_MODULES = YES;
				CODE_SIGN_IDENTITY = "";
				CURRENT_PROJECT_VERSION = 1;
				DEFINES_MODULE = YES;
				DEVELOPMENT_TEAM = 949BCVF3AR;
				DYLIB_COMPATIBILITY_VERSION = 1;
				DYLIB_CURRENT_VERSION = 1;
				DYLIB_INSTALL_NAME_BASE = "@rpath";
				INFOPLIST_FILE = CentigradeKit/Info.plist;
				INSTALL_PATH = "$(LOCAL_LIBRARY_DIR)/Frameworks";
				IPHONEOS_DEPLOYMENT_TARGET = 10.0;
				LD_RUNPATH_SEARCH_PATHS = "$(inherited) @executable_path/Frameworks @loader_path/Frameworks";
				PRODUCT_BUNDLE_IDENTIFIER = ee.appdromeda.CentigradeKit;
				PRODUCT_NAME = "$(TARGET_NAME)";
				SKIP_INSTALL = YES;
				SWIFT_OPTIMIZATION_LEVEL = "-Onone";
				SWIFT_VERSION = 3.0;
				TARGETED_DEVICE_FAMILY = "1,2";
				VERSIONING_SYSTEM = "apple-generic";
				VERSION_INFO_PREFIX = "";
			};
			name = Debug;
		};
		CBCAAE281E8EB7AD008522B0 /* Release */ = {
			isa = XCBuildConfiguration;
			buildSettings = {
				APPLICATION_EXTENSION_API_ONLY = YES;
				CLANG_ENABLE_MODULES = YES;
				CODE_SIGN_IDENTITY = "";
				CURRENT_PROJECT_VERSION = 1;
				DEFINES_MODULE = YES;
				DEVELOPMENT_TEAM = 949BCVF3AR;
				DYLIB_COMPATIBILITY_VERSION = 1;
				DYLIB_CURRENT_VERSION = 1;
				DYLIB_INSTALL_NAME_BASE = "@rpath";
				INFOPLIST_FILE = CentigradeKit/Info.plist;
				INSTALL_PATH = "$(LOCAL_LIBRARY_DIR)/Frameworks";
				IPHONEOS_DEPLOYMENT_TARGET = 10.0;
				LD_RUNPATH_SEARCH_PATHS = "$(inherited) @executable_path/Frameworks @loader_path/Frameworks";
				PRODUCT_BUNDLE_IDENTIFIER = ee.appdromeda.CentigradeKit;
				PRODUCT_NAME = "$(TARGET_NAME)";
				SKIP_INSTALL = YES;
				SWIFT_VERSION = 3.0;
				TARGETED_DEVICE_FAMILY = "1,2";
				VERSIONING_SYSTEM = "apple-generic";
				VERSION_INFO_PREFIX = "";
			};
			name = Release;
		};
/* End XCBuildConfiguration section */

/* Begin XCConfigurationList section */
		CBCAADF51E8EB487008522B0 /* Build configuration list for PBXProject "Centigrade" */ = {
			isa = XCConfigurationList;
			buildConfigurations = (
				CBCAAE0D1E8EB487008522B0 /* Debug */,
				CBCAAE0E1E8EB487008522B0 /* Release */,
			);
			defaultConfigurationIsVisible = 0;
			defaultConfigurationName = Release;
		};
		CBCAAE0F1E8EB487008522B0 /* Build configuration list for PBXNativeTarget "Centigrade" */ = {
			isa = XCConfigurationList;
			buildConfigurations = (
				CBCAAE101E8EB487008522B0 /* Debug */,
				CBCAAE111E8EB487008522B0 /* Release */,
			);
			defaultConfigurationIsVisible = 0;
			defaultConfigurationName = Release;
		};
		CBCAAE261E8EB7AD008522B0 /* Build configuration list for PBXNativeTarget "CentigradeKit" */ = {
			isa = XCConfigurationList;
			buildConfigurations = (
				CBCAAE271E8EB7AD008522B0 /* Debug */,
				CBCAAE281E8EB7AD008522B0 /* Release */,
			);
			defaultConfigurationIsVisible = 0;
			defaultConfigurationName = Release;
		};
/* End XCConfigurationList section */

/* Begin XCVersionGroup section */
		CB0EFA281E96A0B400A11F8A /* Centigrade.xcdatamodeld */ = {
			isa = XCVersionGroup;
			children = (
				CB0EFA291E96A0B400A11F8A /* Centigrade.xcdatamodel */,
			);
			currentVersion = CB0EFA291E96A0B400A11F8A /* Centigrade.xcdatamodel */;
			path = Centigrade.xcdatamodeld;
			sourceTree = "<group>";
			versionGroupType = wrapper.xcdatamodel;
		};
/* End XCVersionGroup section */
	};
	rootObject = CBCAADF21E8EB487008522B0 /* Project object */;
}
